
Microsoft Visual Studio Solution File, Format Version 12.00
# Visual Studio 14
VisualStudioVersion = 14.0.25420.1
MinimumVisualStudioVersion = 10.0.40219.1
Project("{FAE04EC0-301F-11D3-BF4B-00C04F79EFBC}") = "BAI06_CAULENHDIEUKIEN", "BAI06_CAULENHDIEUKIEN\BAI06_CAULENHDIEUKIEN.csproj", "{5C119BBF-C50A-4FBD-A958-FA5C72A6F668}"
EndProject
Global
	GlobalSection(SolutionConfigurationPlatforms) = preSolution
		Debug|Any CPU = Debug|Any CPU
		Release|Any CPU = Release|Any CPU
	EndGlobalSection
	GlobalSection(ProjectConfigurationPlatforms) = postSolution
		{5C119BBF-C50A-4FBD-A958-FA5C72A6F668}.Debug|Any CPU.ActiveCfg = Debug|Any CPU
		{5C119BBF-C50A-4FBD-A958-FA5C72A6F668}.Debug|Any CPU.Build.0 = Debug|Any CPU
		{5C119BBF-C50A-4FBD-A958-FA5C72A6F668}.Release|Any CPU.ActiveCfg = Release|Any CPU
		{5C119BBF-C50A-4FBD-A958-FA5C72A6F668}.Release|Any CPU.Build.0 = Release|Any CPU
	EndGlobalSection
	GlobalSection(SolutionProperties) = preSolution
		HideSolutionNode = FALSE
	EndGlobalSection
EndGlobal
