
Microsoft Visual Studio Solution File, Format Version 12.00
# Visual Studio 14
VisualStudioVersion = 14.0.25420.1
MinimumVisualStudioVersion = 10.0.40219.1
Project("{FAE04EC0-301F-11D3-BF4B-00C04F79EFBC}") = "BAI16_DICTIONARY", "BAI16_DICTIONARY\BAI16_DICTIONARY.csproj", "{8ECF9B0C-4C3A-48F5-AB21-BB6EEA94DDB3}"
EndProject
Global
	GlobalSection(SolutionConfigurationPlatforms) = preSolution
		Debug|Any CPU = Debug|Any CPU
		Release|Any CPU = Release|Any CPU
	EndGlobalSection
	GlobalSection(ProjectConfigurationPlatforms) = postSolution
		{8ECF9B0C-4C3A-48F5-AB21-BB6EEA94DDB3}.Debug|Any CPU.ActiveCfg = Debug|Any CPU
		{8ECF9B0C-4C3A-48F5-AB21-BB6EEA94DDB3}.Debug|Any CPU.Build.0 = Debug|Any CPU
		{8ECF9B0C-4C3A-48F5-AB21-BB6EEA94DDB3}.Release|Any CPU.ActiveCfg = Release|Any CPU
		{8ECF9B0C-4C3A-48F5-AB21-BB6EEA94DDB3}.Release|Any CPU.Build.0 = Release|Any CPU
	EndGlobalSection
	GlobalSection(SolutionProperties) = preSolution
		HideSolutionNode = FALSE
	EndGlobalSection
EndGlobal
